
Microsoft Visual Studio Solution File, Format Version 12.00
# Visual Studio Version 16
VisualStudioVersion = 16.0.31410.357
MinimumVisualStudioVersion = 10.0.40219.1
Project("{FAE04EC0-301F-11D3-BF4B-00C04F79EFBC}") = "NFT_9", "NFT_9\NFT_9.csproj", "{E101B6C8-80A6-4249-A7F6-9EBFA2C3A68D}"
EndProject
Global
	GlobalSection(SolutionConfigurationPlatforms) = preSolution
		Debug|Any CPU = Debug|Any CPU
		Release|Any CPU = Release|Any CPU
	EndGlobalSection
	GlobalSection(ProjectConfigurationPlatforms) = postSolution
		{E101B6C8-80A6-4249-A7F6-9EBFA2C3A68D}.Debug|Any CPU.ActiveCfg = Debug|Any CPU
		{E101B6C8-80A6-4249-A7F6-9EBFA2C3A68D}.Debug|Any CPU.Build.0 = Debug|Any CPU
		{E101B6C8-80A6-4249-A7F6-9EBFA2C3A68D}.Release|Any CPU.ActiveCfg = Release|Any CPU
		{E101B6C8-80A6-4249-A7F6-9EBFA2C3A68D}.Release|Any CPU.Build.0 = Release|Any CPU
	EndGlobalSection
	GlobalSection(SolutionProperties) = preSolution
		HideSolutionNode = FALSE
	EndGlobalSection
	GlobalSection(ExtensibilityGlobals) = postSolution
		SolutionGuid = {5C59506E-5831-4CDF-8769-748ABD2E0C71}
	EndGlobalSection
EndGlobal
